
Microsoft Visual Studio Solution File, Format Version 10.00
# Visual Studio 2008
Project("{FAE04EC0-301F-11D3-BF4B-00C04F79EFBC}") = "04 - My Network", "04 - My Network\04 - My Network.csproj", "{A88E3000-B062-4DE7-B888-81AFBE3212E9}"
EndProject
Project("{FAE04EC0-301F-11D3-BF4B-00C04F79EFBC}") = "03 - Basic Queries", "03 - Basic Queries\03 - Basic Queries.csproj", "{34BE3DAD-14FB-4226-AFCE-3D89BE83D2DA}"
EndProject
Project("{F184B08F-C81C-45F6-A57F-5ABD9991F28F}") = "05 - Linq To Xml", "05 - Linq To Xml\05 - Linq To Xml.vbproj", "{37D7A98E-3F9F-42C1-8B36-DC53508D4228}"
EndProject
Project("{FAE04EC0-301F-11D3-BF4B-00C04F79EFBC}") = "06 - Linq To Sql", "06 - Linq To Sql\06 - Linq To Sql.csproj", "{111184DD-083F-4F65-8E66-199B5480D6DF}"
EndProject
Project("{FAE04EC0-301F-11D3-BF4B-00C04F79EFBC}") = "01 - CSharp2", "01 - CSharp2\01 - CSharp2.csproj", "{617EB5ED-E0C9-43C5-9CA0-7DD146343F77}"
EndProject
Project("{FAE04EC0-301F-11D3-BF4B-00C04F79EFBC}") = "02 - Language Features", "02 - Language Features\02 - Language Features.csproj", "{FB3B4768-ED61-4581-8A02-8D1C59AE65C0}"
EndProject
Global
	GlobalSection(SolutionConfigurationPlatforms) = preSolution
		Debug|Any CPU = Debug|Any CPU
		Release|Any CPU = Release|Any CPU
	EndGlobalSection
	GlobalSection(ProjectConfigurationPlatforms) = postSolution
		{A88E3000-B062-4DE7-B888-81AFBE3212E9}.Debug|Any CPU.ActiveCfg = Debug|Any CPU
		{A88E3000-B062-4DE7-B888-81AFBE3212E9}.Debug|Any CPU.Build.0 = Debug|Any CPU
		{A88E3000-B062-4DE7-B888-81AFBE3212E9}.Release|Any CPU.ActiveCfg = Release|Any CPU
		{A88E3000-B062-4DE7-B888-81AFBE3212E9}.Release|Any CPU.Build.0 = Release|Any CPU
		{34BE3DAD-14FB-4226-AFCE-3D89BE83D2DA}.Debug|Any CPU.ActiveCfg = Debug|Any CPU
		{34BE3DAD-14FB-4226-AFCE-3D89BE83D2DA}.Debug|Any CPU.Build.0 = Debug|Any CPU
		{34BE3DAD-14FB-4226-AFCE-3D89BE83D2DA}.Release|Any CPU.ActiveCfg = Release|Any CPU
		{34BE3DAD-14FB-4226-AFCE-3D89BE83D2DA}.Release|Any CPU.Build.0 = Release|Any CPU
		{37D7A98E-3F9F-42C1-8B36-DC53508D4228}.Debug|Any CPU.ActiveCfg = Debug|Any CPU
		{37D7A98E-3F9F-42C1-8B36-DC53508D4228}.Debug|Any CPU.Build.0 = Debug|Any CPU
		{37D7A98E-3F9F-42C1-8B36-DC53508D4228}.Release|Any CPU.ActiveCfg = Release|Any CPU
		{37D7A98E-3F9F-42C1-8B36-DC53508D4228}.Release|Any CPU.Build.0 = Release|Any CPU
		{111184DD-083F-4F65-8E66-199B5480D6DF}.Debug|Any CPU.ActiveCfg = Debug|Any CPU
		{111184DD-083F-4F65-8E66-199B5480D6DF}.Debug|Any CPU.Build.0 = Debug|Any CPU
		{111184DD-083F-4F65-8E66-199B5480D6DF}.Release|Any CPU.ActiveCfg = Release|Any CPU
		{111184DD-083F-4F65-8E66-199B5480D6DF}.Release|Any CPU.Build.0 = Release|Any CPU
		{617EB5ED-E0C9-43C5-9CA0-7DD146343F77}.Debug|Any CPU.ActiveCfg = Debug|Any CPU
		{617EB5ED-E0C9-43C5-9CA0-7DD146343F77}.Debug|Any CPU.Build.0 = Debug|Any CPU
		{617EB5ED-E0C9-43C5-9CA0-7DD146343F77}.Release|Any CPU.ActiveCfg = Release|Any CPU
		{617EB5ED-E0C9-43C5-9CA0-7DD146343F77}.Release|Any CPU.Build.0 = Release|Any CPU
		{FB3B4768-ED61-4581-8A02-8D1C59AE65C0}.Debug|Any CPU.ActiveCfg = Debug|Any CPU
		{FB3B4768-ED61-4581-8A02-8D1C59AE65C0}.Debug|Any CPU.Build.0 = Debug|Any CPU
		{FB3B4768-ED61-4581-8A02-8D1C59AE65C0}.Release|Any CPU.ActiveCfg = Release|Any CPU
		{FB3B4768-ED61-4581-8A02-8D1C59AE65C0}.Release|Any CPU.Build.0 = Release|Any CPU
	EndGlobalSection
	GlobalSection(SolutionProperties) = preSolution
		HideSolutionNode = FALSE
	EndGlobalSection
EndGlobal
